{
  "originHash" : "ff0471da67d02e55cb05bfa2f74ebb83b1f7771069f26653e1b0feeb9c55d26e",
  "pins" : [
    {
      "identity" : "nzutils",
      "kind" : "remoteSourceControl",
      "location" : "https://github.com/ynozue/NZUtils.git",
      "state" : {
        "revision" : "dca2c5fc6accaa2eb0592d305982721e84979be6",
        "version" : "1.1.2"
      }
    },
    {
      "identity" : "swift-collections",
      "kind" : "remoteSourceControl",
      "location" : "https://github.com/apple/swift-collections.git",
      "state" : {
        "revision" : "6675bc0ff86e61436e615df6fc5174e043e57924",
        "version" : "1.4.1"
      }
    }
  ],
  "version" : 3
}
